// !$*UTF8*$!
{
	archiveVersion = 1;
	classes = {
	};
	objectVersion = 50;
	objects = {

/* Begin PBXBuildFile section */
		047D07F725E11C8B00FC90B9 /* AppDelegate.swift in Sources */ = {isa = PBXBuildFile; fileRef = 047D07F625E11C8B00FC90B9 /* AppDelegate.swift */; };
		047D07F925E11C8B00FC90B9 /* SceneDelegate.swift in Sources */ = {isa = PBXBuildFile; fileRef = 047D07F825E11C8B00FC90B9 /* SceneDelegate.swift */; };
		047D07FB25E11C8B00FC90B9 /* ViewController.swift in Sources */ = {isa = PBXBuildFile; fileRef = 047D07FA25E11C8B00FC90B9 /* ViewController.swift */; };
		047D07FE25E11C8B00FC90B9 /* Main.storyboard in Resources */ = {isa = PBXBuildFile; fileRef = 047D07FC25E11C8B00FC90B9 /* Main.storyboard */; };
		047D080025E11C8E00FC90B9 /* Assets.xcassets in Resources */ = {isa = PBXBuildFile; fileRef = 047D07FF25E11C8E00FC90B9 /* Assets.xcassets */; };
		047D080325E11C8E00FC90B9 /* LaunchScreen.storyboard in Resources */ = {isa = PBXBuildFile; fileRef = 047D080125E11C8E00FC90B9 /* LaunchScreen.storyboard */; };
		047D080C25E1205200FC90B9 /* Media.swift in Sources */ = {isa = PBXBuildFile; fileRef = 047D080B25E1205200FC90B9 /* Media.swift */; };
		047D081325E1247400FC90B9 /* NetworkConstants.swift in Sources */ = {isa = PBXBuildFile; fileRef = 047D081225E1247400FC90B9 /* NetworkConstants.swift */; };
		047D081725E1521500FC90B9 /* Configurations.swift in Sources */ = {isa = PBXBuildFile; fileRef = 047D081625E1521500FC90B9 /* Configurations.swift */; };
/* End PBXBuildFile section */

/* Begin PBXFileReference section */
		047D07F325E11C8B00FC90B9 /* MediaResourcesUpload MPFD.app */ = {isa = PBXFileReference; explicitFileType = wrapper.application; includeInIndex = 0; path = "MediaResourcesUpload MPFD.app"; sourceTree = BUILT_PRODUCTS_DIR; };
		047D07F625E11C8B00FC90B9 /* AppDelegate.swift */ = {isa = PBXFileReference; lastKnownFileType = sourcecode.swift; path = AppDelegate.swift; sourceTree = "<group>"; };
		047D07F825E11C8B00FC90B9 /* SceneDelegate.swift */ = {isa = PBXFileReference; lastKnownFileType = sourcecode.swift; path = SceneDelegate.swift; sourceTree = "<group>"; };
		047D07FA25E11C8B00FC90B9 /* ViewController.swift */ = {isa = PBXFileReference; lastKnownFileType = sourcecode.swift; path = ViewController.swift; sourceTree = "<group>"; };
		047D07FD25E11C8B00FC90B9 /* Base */ = {isa = PBXFileReference; lastKnownFileType = file.storyboard; name = Base; path = Base.lproj/Main.storyboard; sourceTree = "<group>"; };
		047D07FF25E11C8E00FC90B9 /* Assets.xcassets */ = {isa = PBXFileReference; lastKnownFileType = folder.assetcatalog; path = Assets.xcassets; sourceTree = "<group>"; };
		047D080225E11C8E00FC90B9 /* Base */ = {isa = PBXFileReference; lastKnownFileType = file.storyboard; name = Base; path = Base.lproj/LaunchScreen.storyboard; sourceTree = "<group>"; };
		047D080425E11C8E00FC90B9 /* Info.plist */ = {isa = PBXFileReference; lastKnownFileType = text.plist.xml; path = Info.plist; sourceTree = "<group>"; };
		047D080B25E1205200FC90B9 /* Media.swift */ = {isa = PBXFileReference; lastKnownFileType = sourcecode.swift; path = Media.swift; sourceTree = "<group>"; };
		047D081225E1247400FC90B9 /* NetworkConstants.swift */ = {isa = PBXFileReference; lastKnownFileType = sourcecode.swift; path = NetworkConstants.swift; sourceTree = "<group>"; };
		047D081625E1521500FC90B9 /* Configurations.swift */ = {isa = PBXFileReference; lastKnownFileType = sourcecode.swift; path = Configurations.swift; sourceTree = "<group>"; };
/* End PBXFileReference section */

/* Begin PBXFrameworksBuildPhase section */
		047D07F025E11C8B00FC90B9 /* Frameworks */ = {
			isa = PBXFrameworksBuildPhase;
			buildActionMask = 2147483647;
			files = (
			);
			runOnlyForDeploymentPostprocessing = 0;
		};
/* End PBXFrameworksBuildPhase section */

/* Begin PBXGroup section */
		047D07EA25E11C8A00FC90B9 = {
			isa = PBXGroup;
			children = (
				047D07F525E11C8B00FC90B9 /* MediaResourcesUpload MPFD */,
				047D07F425E11C8B00FC90B9 /* Products */,
			);
			sourceTree = "<group>";
		};
		047D07F425E11C8B00FC90B9 /* Products */ = {
			isa = PBXGroup;
			children = (
				047D07F325E11C8B00FC90B9 /* MediaResourcesUpload MPFD.app */,
			);
			name = Products;
			sourceTree = "<group>";
		};
		047D07F525E11C8B00FC90B9 /* MediaResourcesUpload MPFD */ = {
			isa = PBXGroup;
			children = (
				047D081025E1242C00FC90B9 /* Network Calls */,
				047D080E25E1205A00FC90B9 /* Models */,
				047D07F625E11C8B00FC90B9 /* AppDelegate.swift */,
				047D07F825E11C8B00FC90B9 /* SceneDelegate.swift */,
				047D07FA25E11C8B00FC90B9 /* ViewController.swift */,
				047D07FC25E11C8B00FC90B9 /* Main.storyboard */,
				047D07FF25E11C8E00FC90B9 /* Assets.xcassets */,
				047D080125E11C8E00FC90B9 /* LaunchScreen.storyboard */,
				047D080425E11C8E00FC90B9 /* Info.plist */,
			);
			path = "MediaResourcesUpload MPFD";
			sourceTree = "<group>";
		};
		047D080E25E1205A00FC90B9 /* Models */ = {
			isa = PBXGroup;
			children = (
				047D080B25E1205200FC90B9 /* Media.swift */,
			);
			path = Models;
			sourceTree = "<group>";
		};
		047D081025E1242C00FC90B9 /* Network Calls */ = {
			isa = PBXGroup;
			children = (
				047D081125E1245000FC90B9 /* Commons */,
			);
			path = "Network Calls";
			sourceTree = "<group>";
		};
		047D081125E1245000FC90B9 /* Commons */ = {
			isa = PBXGroup;
			children = (
				047D081225E1247400FC90B9 /* NetworkConstants.swift */,
				047D081625E1521500FC90B9 /* Configurations.swift */,
			);
			path = Commons;
			sourceTree = "<group>";
		};
/* End PBXGroup section */

/* Begin PBXNativeTarget section */
		047D07F225E11C8B00FC90B9 /* MediaResourcesUpload MPFD */ = {
			isa = PBXNativeTarget;
			buildConfigurationList = 047D080725E11C8E00FC90B9 /* Build configuration list for PBXNativeTarget "MediaResourcesUpload MPFD" */;
			buildPhases = (
				047D07EF25E11C8B00FC90B9 /* Sources */,
				047D07F025E11C8B00FC90B9 /* Frameworks */,
				047D07F125E11C8B00FC90B9 /* Resources */,
			);
			buildRules = (
			);
			dependencies = (
			);
			name = "MediaResourcesUpload MPFD";
			productName = "MediaResourcesUpload MPFD";
			productReference = 047D07F325E11C8B00FC90B9 /* MediaResourcesUpload MPFD.app */;
			productType = "com.apple.product-type.application";
		};
/* End PBXNativeTarget section */

/* Begin PBXProject section */
		047D07EB25E11C8A00FC90B9 /* Project object */ = {
			isa = PBXProject;
			attributes = {
				LastSwiftUpdateCheck = 1240;
				LastUpgradeCheck = 1240;
				TargetAttributes = {
					047D07F225E11C8B00FC90B9 = {
						CreatedOnToolsVersion = 12.4;
					};
				};
			};
			buildConfigurationList = 047D07EE25E11C8A00FC90B9 /* Build configuration list for PBXProject "MediaResourcesUpload MPFD" */;
			compatibilityVersion = "Xcode 9.3";
			developmentRegion = en;
			hasScannedForEncodings = 0;
			knownRegions = (
				en,
				Base,
			);
			mainGroup = 047D07EA25E11C8A00FC90B9;
			productRefGroup = 047D07F425E11C8B00FC90B9 /* Products */;
			projectDirPath = "";
			projectRoot = "";
			targets = (
				047D07F225E11C8B00FC90B9 /* MediaResourcesUpload MPFD */,
			);
		};
/* End PBXProject section */

/* Begin PBXResourcesBuildPhase section */
		047D07F125E11C8B00FC90B9 /* Resources */ = {
			isa = PBXResourcesBuildPhase;
			buildActionMask = 2147483647;
			files = (
				047D080325E11C8E00FC90B9 /* LaunchScreen.storyboard in Resources */,
				047D080025E11C8E00FC90B9 /* Assets.xcassets in Resources */,
				047D07FE25E11C8B00FC90B9 /* Main.storyboard in Resources */,
			);
			runOnlyForDeploymentPostprocessing = 0;
		};
/* End PBXResourcesBuildPhase section */

/* Begin PBXSourcesBuildPhase section */
		047D07EF25E11C8B00FC90B9 /* Sources */ = {
			isa = PBXSourcesBuildPhase;
			buildActionMask = 2147483647;
			files = (
				047D07FB25E11C8B00FC90B9 /* ViewController.swift in Sources */,
				047D07F725E11C8B00FC90B9 /* AppDelegate.swift in Sources */,
				047D081725E1521500FC90B9 /* Configurations.swift in Sources */,
				047D081325E1247400FC90B9 /* NetworkConstants.swift in Sources */,
				047D07F925E11C8B00FC90B9 /* SceneDelegate.swift in Sources */,
				047D080C25E1205200FC90B9 /* Media.swift in Sources */,
			);
			runOnlyForDeploymentPostprocessing = 0;
		};
/* End PBXSourcesBuildPhase section */

/* Begin PBXVariantGroup section */
		047D07FC25E11C8B00FC90B9 /* Main.storyboard */ = {
			isa = PBXVariantGroup;
			children = (
				047D07FD25E11C8B00FC90B9 /* Base */,
			);
			name = Main.storyboard;
			sourceTree = "<group>";
		};
		047D080125E11C8E00FC90B9 /* LaunchScreen.storyboard */ = {
			isa = PBXVariantGroup;
			children = (
				047D080225E11C8E00FC90B9 /* Base */,
			);
			name = LaunchScreen.storyboard;
			sourceTree = "<group>";
		};
/* End PBXVariantGroup section */

/* Begin XCBuildConfiguration section */
		047D080525E11C8E00FC90B9 /* Debug */ = {
			isa = XCBuildConfiguration;
			buildSettings = {
				ALWAYS_SEARCH_USER_PATHS = NO;
				CLANG_ANALYZER_NONNULL = YES;
				CLANG_ANALYZER_NUMBER_OBJECT_CONVERSION = YES_AGGRESSIVE;
				CLANG_CXX_LANGUAGE_STANDARD = "gnu++14";
				CLANG_CXX_LIBRARY = "libc++";
				CLANG_ENABLE_MODULES = YES;
				CLANG_ENABLE_OBJC_ARC = YES;
				CLANG_ENABLE_OBJC_WEAK = YES;
				CLANG_WARN_BLOCK_CAPTURE_AUTORELEASING = YES;
				CLANG_WARN_BOOL_CONVERSION = YES;
				CLANG_WARN_COMMA = YES;
				CLANG_WARN_CONSTANT_CONVERSION = YES;
				CLANG_WARN_DEPRECATED_OBJC_IMPLEMENTATIONS = YES;
				CLANG_WARN_DIRECT_OBJC_ISA_USAGE = YES_ERROR;
				CLANG_WARN_DOCUMENTATION_COMMENTS = YES;
				CLANG_WARN_EMPTY_BODY = YES;
				CLANG_WARN_ENUM_CONVERSION = YES;
				CLANG_WARN_INFINITE_RECURSION = YES;
				CLANG_WARN_INT_CONVERSION = YES;
				CLANG_WARN_NON_LITERAL_NULL_CONVERSION = YES;
				CLANG_WARN_OBJC_IMPLICIT_RETAIN_SELF = YES;
				CLANG_WARN_OBJC_LITERAL_CONVERSION = YES;
				CLANG_WARN_OBJC_ROOT_CLASS = YES_ERROR;
				CLANG_WARN_QUOTED_INCLUDE_IN_FRAMEWORK_HEADER = YES;
				CLANG_WARN_RANGE_LOOP_ANALYSIS = YES;
				CLANG_WARN_STRICT_PROTOTYPES = YES;
				CLANG_WARN_SUSPICIOUS_MOVE = YES;
				CLANG_WARN_UNGUARDED_AVAILABILITY = YES_AGGRESSIVE;
				CLANG_WARN_UNREACHABLE_CODE = YES;
				CLANG_WARN__DUPLICATE_METHOD_MATCH = YES;
				COPY_PHASE_STRIP = NO;
				DEBUG_INFORMATION_FORMAT = dwarf;
				ENABLE_STRICT_OBJC_MSGSEND = YES;
				ENABLE_TESTABILITY = YES;
				GCC_C_LANGUAGE_STANDARD = gnu11;
				GCC_DYNAMIC_NO_PIC = NO;
				GCC_NO_COMMON_BLOCKS = YES;
				GCC_OPTIMIZATION_LEVEL = 0;
				GCC_PREPROCESSOR_DEFINITIONS = (
					"DEBUG=1",
					"$(inherited)",
				);
				GCC_WARN_64_TO_32_BIT_CONVERSION = YES;
				GCC_WARN_ABOUT_RETURN_TYPE = YES_ERROR;
				GCC_WARN_UNDECLARED_SELECTOR = YES;
				GCC_WARN_UNINITIALIZED_AUTOS = YES_AGGRESSIVE;
				GCC_WARN_UNUSED_FUNCTION = YES;
				GCC_WARN_UNUSED_VARIABLE = YES;
				IPHONEOS_DEPLOYMENT_TARGET = 14.4;
				MTL_ENABLE_DEBUG_INFO = INCLUDE_SOURCE;
				MTL_FAST_MATH = YES;
				ONLY_ACTIVE_ARCH = YES;
				SDKROOT = iphoneos;
				SWIFT_ACTIVE_COMPILATION_CONDITIONS = DEBUG;
				SWIFT_OPTIMIZATION_LEVEL = "-Onone";
			};
			name = Debug;
		};
		047D080625E11C8E00FC90B9 /* Release */ = {
			isa = XCBuildConfiguration;
			buildSettings = {
				ALWAYS_SEARCH_USER_PATHS = NO;
				CLANG_ANALYZER_NONNULL = YES;
				CLANG_ANALYZER_NUMBER_OBJECT_CONVERSION = YES_AGGRESSIVE;
				CLANG_CXX_LANGUAGE_STANDARD = "gnu++14";
				CLANG_CXX_LIBRARY = "libc++";
				CLANG_ENABLE_MODULES = YES;
				CLANG_ENABLE_OBJC_ARC = YES;
				CLANG_ENABLE_OBJC_WEAK = YES;
				CLANG_WARN_BLOCK_CAPTURE_AUTORELEASING = YES;
				CLANG_WARN_BOOL_CONVERSION = YES;
				CLANG_WARN_COMMA = YES;
				CLANG_WARN_CONSTANT_CONVERSION = YES;
				CLANG_WARN_DEPRECATED_OBJC_IMPLEMENTATIONS = YES;
				CLANG_WARN_DIRECT_OBJC_ISA_USAGE = YES_ERROR;
				CLANG_WARN_DOCUMENTATION_COMMENTS = YES;
				CLANG_WARN_EMPTY_BODY = YES;
				CLANG_WARN_ENUM_CONVERSION = YES;
				CLANG_WARN_INFINITE_RECURSION = YES;
				CLANG_WARN_INT_CONVERSION = YES;
				CLANG_WARN_NON_LITERAL_NULL_CONVERSION = YES;
				CLANG_WARN_OBJC_IMPLICIT_RETAIN_SELF = YES;
				CLANG_WARN_OBJC_LITERAL_CONVERSION = YES;
				CLANG_WARN_OBJC_ROOT_CLASS = YES_ERROR;
				CLANG_WARN_QUOTED_INCLUDE_IN_FRAMEWORK_HEADER = YES;
				CLANG_WARN_RANGE_LOOP_ANALYSIS = YES;
				CLANG_WARN_STRICT_PROTOTYPES = YES;
				CLANG_WARN_SUSPICIOUS_MOVE = YES;
				CLANG_WARN_UNGUARDED_AVAILABILITY = YES_AGGRESSIVE;
				CLANG_WARN_UNREACHABLE_CODE = YES;
				CLANG_WARN__DUPLICATE_METHOD_MATCH = YES;
				COPY_PHASE_STRIP = NO;
				DEBUG_INFORMATION_FORMAT = "dwarf-with-dsym";
				ENABLE_NS_ASSERTIONS = NO;
				ENABLE_STRICT_OBJC_MSGSEND = YES;
				GCC_C_LANGUAGE_STANDARD = gnu11;
				GCC_NO_COMMON_BLOCKS = YES;
				GCC_WARN_64_TO_32_BIT_CONVERSION = YES;
				GCC_WARN_ABOUT_RETURN_TYPE = YES_ERROR;
				GCC_WARN_UNDECLARED_SELECTOR = YES;
				GCC_WARN_UNINITIALIZED_AUTOS = YES_AGGRESSIVE;
				GCC_WARN_UNUSED_FUNCTION = YES;
				GCC_WARN_UNUSED_VARIABLE = YES;
				IPHONEOS_DEPLOYMENT_TARGET = 14.4;
				MTL_ENABLE_DEBUG_INFO = NO;
				MTL_FAST_MATH = YES;
				SDKROOT = iphoneos;
				SWIFT_COMPILATION_MODE = wholemodule;
				SWIFT_OPTIMIZATION_LEVEL = "-O";
				VALIDATE_PRODUCT = YES;
			};
			name = Release;
		};
		047D080825E11C8E00FC90B9 /* Debug */ = {
			isa = XCBuildConfiguration;
			buildSettings = {
				ASSETCATALOG_COMPILER_APPICON_NAME = AppIcon;
				ASSETCATALOG_COMPILER_GLOBAL_ACCENT_COLOR_NAME = AccentColor;
				CODE_SIGN_STYLE = Automatic;
				DEVELOPMENT_TEAM = 6ZPB2R3KP8;
				INFOPLIST_FILE = "MediaResourcesUpload MPFD/Info.plist";
				LD_RUNPATH_SEARCH_PATHS = (
					"$(inherited)",
					"@executable_path/Frameworks",
				);
				PRODUCT_BUNDLE_IDENTIFIER = "com.waheedcodes.MediaResourcesUpload-MPFD";
				PRODUCT_NAME = "$(TARGET_NAME)";
				SWIFT_VERSION = 5.0;
				TARGETED_DEVICE_FAMILY = "1,2";
			};
			name = Debug;
		};
		047D080925E11C8E00FC90B9 /* Release */ = {
			isa = XCBuildConfiguration;
			buildSettings = {
				ASSETCATALOG_COMPILER_APPICON_NAME = AppIcon;
				ASSETCATALOG_COMPILER_GLOBAL_ACCENT_COLOR_NAME = AccentColor;
				CODE_SIGN_STYLE = Automatic;
				DEVELOPMENT_TEAM = 6ZPB2R3KP8;
				INFOPLIST_FILE = "MediaResourcesUpload MPFD/Info.plist";
				LD_RUNPATH_SEARCH_PATHS = (
					"$(inherited)",
					"@executable_path/Frameworks",
				);
				PRODUCT_BUNDLE_IDENTIFIER = "com.waheedcodes.MediaResourcesUpload-MPFD";
				PRODUCT_NAME = "$(TARGET_NAME)";
				SWIFT_VERSION = 5.0;
				TARGETED_DEVICE_FAMILY = "1,2";
			};
			name = Release;
		};
/* End XCBuildConfiguration section */

/* Begin XCConfigurationList section */
		047D07EE25E11C8A00FC90B9 /* Build configuration list for PBXProject "MediaResourcesUpload MPFD" */ = {
			isa = XCConfigurationList;
			buildConfigurations = (
				047D080525E11C8E00FC90B9 /* Debug */,
				047D080625E11C8E00FC90B9 /* Release */,
			);
			defaultConfigurationIsVisible = 0;
			defaultConfigurationName = Release;
		};
		047D080725E11C8E00FC90B9 /* Build configuration list for PBXNativeTarget "MediaResourcesUpload MPFD" */ = {
			isa = XCConfigurationList;
			buildConfigurations = (
				047D080825E11C8E00FC90B9 /* Debug */,
				047D080925E11C8E00FC90B9 /* Release */,
			);
			defaultConfigurationIsVisible = 0;
			defaultConfigurationName = Release;
		};
/* End XCConfigurationList section */
	};
	rootObject = 047D07EB25E11C8A00FC90B9 /* Project object */;
}
